
Microsoft Visual Studio Solution File, Format Version 12.00
# Visual Studio Version 17
VisualStudioVersion = 17.1.32319.34
MinimumVisualStudioVersion = 10.0.40219.1
Project("{FAE04EC0-301F-11D3-BF4B-00C04F79EFBC}") = "Varalba", "Varalba\Varalba.csproj", "{799720BB-B2A5-4C6E-A77B-0172F282DFE7}"
EndProject
Project("{FAE04EC0-301F-11D3-BF4B-00C04F79EFBC}") = "VaralbaControls", "VaralbaControls\VaralbaControls.csproj", "{F4552719-92CD-4029-A640-0C2BF8CE7C73}"
EndProject
Project("{FAE04EC0-301F-11D3-BF4B-00C04F79EFBC}") = "VaralbaLib", "VaralbaLib\VaralbaLib.csproj", "{5FC929D3-CB81-4291-95ED-DFFD24351759}"
EndProject
Project("{FAE04EC0-301F-11D3-BF4B-00C04F79EFBC}") = "SVGlib", "..\SVGlib\SVGlib\SVGlib.csproj", "{3C51F364-6EE1-4A01-8FF7-28AC2A6A8F65}"
EndProject
Global
	GlobalSection(SolutionConfigurationPlatforms) = preSolution
		Debug|Any CPU = Debug|Any CPU
		Release|Any CPU = Release|Any CPU
	EndGlobalSection
	GlobalSection(ProjectConfigurationPlatforms) = postSolution
		{799720BB-B2A5-4C6E-A77B-0172F282DFE7}.Debug|Any CPU.ActiveCfg = Debug|Any CPU
		{799720BB-B2A5-4C6E-A77B-0172F282DFE7}.Debug|Any CPU.Build.0 = Debug|Any CPU
		{799720BB-B2A5-4C6E-A77B-0172F282DFE7}.Release|Any CPU.ActiveCfg = Release|Any CPU
		{799720BB-B2A5-4C6E-A77B-0172F282DFE7}.Release|Any CPU.Build.0 = Release|Any CPU
		{F4552719-92CD-4029-A640-0C2BF8CE7C73}.Debug|Any CPU.ActiveCfg = Debug|Any CPU
		{F4552719-92CD-4029-A640-0C2BF8CE7C73}.Debug|Any CPU.Build.0 = Debug|Any CPU
		{F4552719-92CD-4029-A640-0C2BF8CE7C73}.Release|Any CPU.ActiveCfg = Release|Any CPU
		{F4552719-92CD-4029-A640-0C2BF8CE7C73}.Release|Any CPU.Build.0 = Release|Any CPU
		{5FC929D3-CB81-4291-95ED-DFFD24351759}.Debug|Any CPU.ActiveCfg = Debug|Any CPU
		{5FC929D3-CB81-4291-95ED-DFFD24351759}.Debug|Any CPU.Build.0 = Debug|Any CPU
		{5FC929D3-CB81-4291-95ED-DFFD24351759}.Release|Any CPU.ActiveCfg = Release|Any CPU
		{5FC929D3-CB81-4291-95ED-DFFD24351759}.Release|Any CPU.Build.0 = Release|Any CPU
		{3C51F364-6EE1-4A01-8FF7-28AC2A6A8F65}.Debug|Any CPU.ActiveCfg = Debug|Any CPU
		{3C51F364-6EE1-4A01-8FF7-28AC2A6A8F65}.Debug|Any CPU.Build.0 = Debug|Any CPU
		{3C51F364-6EE1-4A01-8FF7-28AC2A6A8F65}.Release|Any CPU.ActiveCfg = Release|Any CPU
		{3C51F364-6EE1-4A01-8FF7-28AC2A6A8F65}.Release|Any CPU.Build.0 = Release|Any CPU
	EndGlobalSection
	GlobalSection(SolutionProperties) = preSolution
		HideSolutionNode = FALSE
	EndGlobalSection
	GlobalSection(ExtensibilityGlobals) = postSolution
		SolutionGuid = {F2827E1C-0A31-413D-A1AD-2F3882D48551}
	EndGlobalSection
EndGlobal
